{
  "nodes": {
    "nixpkgs": {
      "locked": {
        "lastModified": 1786401522,
        "narHash": "sha256-81ggIVSfxYszDRALJFzSZi70lBJzUOHfg05h8APO2KA=",
        "owner": "NixOS",
        "repo": "nixpkgs",
        "rev": "c4412d5c82d19c01fe28bec717056ec54bcc92a4",
        "type": "github"
      },
      "original": {
        "owner": "NixOS",
        "repo": "nixpkgs",
        "rev": "c4412d5c82d19c01fe28bec717056ec54bcc92a4",
        "type": "github"
      }
    },
    "root": {
      "inputs": {
        "nixpkgs": "nixpkgs"
      }
    }
  },
  "root": "root",
  "version": 7
}
